{
  "requires": true,
  "lockfileVersion": 1,
  "dependencies": {
    "vsts-npm-auth": {
      "version": "0.37.0",
      "resolved": "https://registry.npmjs.org/vsts-npm-auth/-/vsts-npm-auth-0.37.0.tgz",
      "integrity": "sha512-ct6b0nfGH+yW7rgzKvsnfkIuXmG3GSkP78sECAwGkLR2GZ3Lrof7h7ejK5xSAlmXw+ani9MappMtVfgEdrUeRQ=="
    }
  }
}
