
Microsoft Visual Studio Solution File, Format Version 12.00
# Visual Studio 15
VisualStudioVersion = 15.0.28010.2048
MinimumVisualStudioVersion = 10.0.40219.1
Project("{FAE04EC0-301F-11D3-BF4B-00C04F79EFBC}") = "project2", "project2\project2.csproj", "{61029B66-06D5-4893-860E-1B1F523EA71C}"
EndProject
Global
	GlobalSection(SolutionConfigurationPlatforms) = preSolution
		Debug|Any CPU = Debug|Any CPU
		Release|Any CPU = Release|Any CPU
	EndGlobalSection
	GlobalSection(ProjectConfigurationPlatforms) = postSolution
		{61029B66-06D5-4893-860E-1B1F523EA71C}.Debug|Any CPU.ActiveCfg = Debug|Any CPU
		{61029B66-06D5-4893-860E-1B1F523EA71C}.Debug|Any CPU.Build.0 = Debug|Any CPU
		{61029B66-06D5-4893-860E-1B1F523EA71C}.Release|Any CPU.ActiveCfg = Release|Any CPU
		{61029B66-06D5-4893-860E-1B1F523EA71C}.Release|Any CPU.Build.0 = Release|Any CPU
	EndGlobalSection
	GlobalSection(SolutionProperties) = preSolution
		HideSolutionNode = FALSE
	EndGlobalSection
	GlobalSection(ExtensibilityGlobals) = postSolution
		SolutionGuid = {C9531DAF-B762-4710-A286-C7B566D16EFF}
	EndGlobalSection
EndGlobal
